
Microsoft Visual Studio Solution File, Format Version 12.00
# Visual Studio Version 16
VisualStudioVersion = 16.0.30517.126
MinimumVisualStudioVersion = 10.0.40219.1
Project("{FAE04EC0-301F-11D3-BF4B-00C04F79EFBC}") = "BookStore_API", "BookStore_API\BookStore_API.csproj", "{237579A7-72B3-4A2F-8C93-0C7DA8EE2E86}"
EndProject
Global
	GlobalSection(SolutionConfigurationPlatforms) = preSolution
		Debug|Any CPU = Debug|Any CPU
		Release|Any CPU = Release|Any CPU
	EndGlobalSection
	GlobalSection(ProjectConfigurationPlatforms) = postSolution
		{237579A7-72B3-4A2F-8C93-0C7DA8EE2E86}.Debug|Any CPU.ActiveCfg = Debug|Any CPU
		{237579A7-72B3-4A2F-8C93-0C7DA8EE2E86}.Debug|Any CPU.Build.0 = Debug|Any CPU
		{237579A7-72B3-4A2F-8C93-0C7DA8EE2E86}.Release|Any CPU.ActiveCfg = Release|Any CPU
		{237579A7-72B3-4A2F-8C93-0C7DA8EE2E86}.Release|Any CPU.Build.0 = Release|Any CPU
	EndGlobalSection
	GlobalSection(SolutionProperties) = preSolution
		HideSolutionNode = FALSE
	EndGlobalSection
	GlobalSection(ExtensibilityGlobals) = postSolution
		SolutionGuid = {3165E110-7471-48E8-BE37-727BFB7DFCD5}
	EndGlobalSection
EndGlobal
